
Microsoft Visual Studio Solution File, Format Version 12.00
# Visual Studio 15
VisualStudioVersion = 15.0.27130.2027
MinimumVisualStudioVersion = 10.0.40219.1
Project("{FAE04EC0-301F-11D3-BF4B-00C04F79EFBC}") = "Tabstest.Android", "Tabstest\Tabstest.Android\Tabstest.Android.csproj", "{0DF754FB-FE38-4388-AAD2-52169861C2BE}"
EndProject
Project("{FAE04EC0-301F-11D3-BF4B-00C04F79EFBC}") = "Tabstest.iOS", "Tabstest\Tabstest.iOS\Tabstest.iOS.csproj", "{9564383B-AE88-4DDC-B394-E69D80522353}"
EndProject
Project("{FAE04EC0-301F-11D3-BF4B-00C04F79EFBC}") = "Tabstest.UWP", "Tabstest\Tabstest.UWP\Tabstest.UWP.csproj", "{8BBABBE5-BAD2-4DEB-A14C-1DC301FAEEF4}"
EndProject
Project("{FAE04EC0-301F-11D3-BF4B-00C04F79EFBC}") = "Tabstest", "Tabstest\Tabstest\Tabstest.csproj", "{E9BC0DF3-6812-4F29-A550-1A9EFA4022E9}"
EndProject
Global
	GlobalSection(SolutionConfigurationPlatforms) = preSolution
		Ad-Hoc|Any CPU = Ad-Hoc|Any CPU
		Ad-Hoc|ARM = Ad-Hoc|ARM
		Ad-Hoc|iPhone = Ad-Hoc|iPhone
		Ad-Hoc|iPhoneSimulator = Ad-Hoc|iPhoneSimulator
		Ad-Hoc|x64 = Ad-Hoc|x64
		Ad-Hoc|x86 = Ad-Hoc|x86
		AppStore|Any CPU = AppStore|Any CPU
		AppStore|ARM = AppStore|ARM
		AppStore|iPhone = AppStore|iPhone
		AppStore|iPhoneSimulator = AppStore|iPhoneSimulator
		AppStore|x64 = AppStore|x64
		AppStore|x86 = AppStore|x86
		Debug|Any CPU = Debug|Any CPU
		Debug|ARM = Debug|ARM
		Debug|iPhone = Debug|iPhone
		Debug|iPhoneSimulator = Debug|iPhoneSimulator
		Debug|x64 = Debug|x64
		Debug|x86 = Debug|x86
		Release|Any CPU = Release|Any CPU
		Release|ARM = Release|ARM
		Release|iPhone = Release|iPhone
		Release|iPhoneSimulator = Release|iPhoneSimulator
		Release|x64 = Release|x64
		Release|x86 = Release|x86
	EndGlobalSection
	GlobalSection(ProjectConfigurationPlatforms) = postSolution
		{0DF754FB-FE38-4388-AAD2-52169861C2BE}.Ad-Hoc|Any CPU.ActiveCfg = Release|Any CPU
		{0DF754FB-FE38-4388-AAD2-52169861C2BE}.Ad-Hoc|Any CPU.Build.0 = Release|Any CPU
		{0DF754FB-FE38-4388-AAD2-52169861C2BE}.Ad-Hoc|Any CPU.Deploy.0 = Release|Any CPU
		{0DF754FB-FE38-4388-AAD2-52169861C2BE}.Ad-Hoc|ARM.ActiveCfg = Release|Any CPU
		{0DF754FB-FE38-4388-AAD2-52169861C2BE}.Ad-Hoc|ARM.Build.0 = Release|Any CPU
		{0DF754FB-FE38-4388-AAD2-52169861C2BE}.Ad-Hoc|ARM.Deploy.0 = Release|Any CPU
		{0DF754FB-FE38-4388-AAD2-52169861C2BE}.Ad-Hoc|iPhone.ActiveCfg = Release|Any CPU
		{0DF754FB-FE38-4388-AAD2-52169861C2BE}.Ad-Hoc|iPhone.Build.0 = Release|Any CPU
		{0DF754FB-FE38-4388-AAD2-52169861C2BE}.Ad-Hoc|iPhone.Deploy.0 = Release|Any CPU
		{0DF754FB-FE38-4388-AAD2-52169861C2BE}.Ad-Hoc|iPhoneSimulator.ActiveCfg = Release|Any CPU
		{0DF754FB-FE38-4388-AAD2-52169861C2BE}.Ad-Hoc|iPhoneSimulator.Build.0 = Release|Any CPU
		{0DF754FB-FE38-4388-AAD2-52169861C2BE}.Ad-Hoc|iPhoneSimulator.Deploy.0 = Release|Any CPU
		{0DF754FB-FE38-4388-AAD2-52169861C2BE}.Ad-Hoc|x64.ActiveCfg = Release|Any CPU
		{0DF754FB-FE38-4388-AAD2-52169861C2BE}.Ad-Hoc|x64.Build.0 = Release|Any CPU
		{0DF754FB-FE38-4388-AAD2-52169861C2BE}.Ad-Hoc|x64.Deploy.0 = Release|Any CPU
		{0DF754FB-FE38-4388-AAD2-52169861C2BE}.Ad-Hoc|x86.ActiveCfg = Release|Any CPU
		{0DF754FB-FE38-4388-AAD2-52169861C2BE}.Ad-Hoc|x86.Build.0 = Release|Any CPU
		{0DF754FB-FE38-4388-AAD2-52169861C2BE}.Ad-Hoc|x86.Deploy.0 = Release|Any CPU
		{0DF754FB-FE38-4388-AAD2-52169861C2BE}.AppStore|Any CPU.ActiveCfg = Release|Any CPU
		{0DF754FB-FE38-4388-AAD2-52169861C2BE}.AppStore|Any CPU.Build.0 = Release|Any CPU
		{0DF754FB-FE38-4388-AAD2-52169861C2BE}.AppStore|Any CPU.Deploy.0 = Release|Any CPU
		{0DF754FB-FE38-4388-AAD2-52169861C2BE}.AppStore|ARM.ActiveCfg = Release|Any CPU
		{0DF754FB-FE38-4388-AAD2-52169861C2BE}.AppStore|ARM.Build.0 = Release|Any CPU
		{0DF754FB-FE38-4388-AAD2-52169861C2BE}.AppStore|ARM.Deploy.0 = Release|Any CPU
		{0DF754FB-FE38-4388-AAD2-52169861C2BE}.AppStore|iPhone.ActiveCfg = Release|Any CPU
		{0DF754FB-FE38-4388-AAD2-52169861C2BE}.AppStore|iPhone.Build.0 = Release|Any CPU
		{0DF754FB-FE38-4388-AAD2-52169861C2BE}.AppStore|iPhone.Deploy.0 = Release|Any CPU
		{0DF754FB-FE38-4388-AAD2-52169861C2BE}.AppStore|iPhoneSimulator.ActiveCfg = Release|Any CPU
		{0DF754FB-FE38-4388-AAD2-52169861C2BE}.AppStore|iPhoneSimulator.Build.0 = Release|Any CPU
		{0DF754FB-FE38-4388-AAD2-52169861C2BE}.AppStore|iPhoneSimulator.Deploy.0 = Release|Any CPU
		{0DF754FB-FE38-4388-AAD2-52169861C2BE}.AppStore|x64.ActiveCfg = Release|Any CPU
		{0DF754FB-FE38-4388-AAD2-52169861C2BE}.AppStore|x64.Build.0 = Release|Any CPU
		{0DF754FB-FE38-4388-AAD2-52169861C2BE}.AppStore|x64.Deploy.0 = Release|Any CPU
		{0DF754FB-FE38-4388-AAD2-52169861C2BE}.AppStore|x86.ActiveCfg = Release|Any CPU
		{0DF754FB-FE38-4388-AAD2-52169861C2BE}.AppStore|x86.Build.0 = Release|Any CPU
		{0DF754FB-FE38-4388-AAD2-52169861C2BE}.AppStore|x86.Deploy.0 = Release|Any CPU
		{0DF754FB-FE38-4388-AAD2-52169861C2BE}.Debug|Any CPU.ActiveCfg = Debug|Any CPU
		{0DF754FB-FE38-4388-AAD2-52169861C2BE}.Debug|Any CPU.Build.0 = Debug|Any CPU
		{0DF754FB-FE38-4388-AAD2-52169861C2BE}.Debug|Any CPU.Deploy.0 = Debug|Any CPU
		{0DF754FB-FE38-4388-AAD2-52169861C2BE}.Debug|ARM.ActiveCfg = Debug|Any CPU
		{0DF754FB-FE38-4388-AAD2-52169861C2BE}.Debug|ARM.Build.0 = Debug|Any CPU
		{0DF754FB-FE38-4388-AAD2-52169861C2BE}.Debug|ARM.Deploy.0 = Debug|Any CPU
		{0DF754FB-FE38-4388-AAD2-52169861C2BE}.Debug|iPhone.ActiveCfg = Debug|Any CPU
		{0DF754FB-FE38-4388-AAD2-52169861C2BE}.Debug|iPhone.Build.0 = Debug|Any CPU
		{0DF754FB-FE38-4388-AAD2-52169861C2BE}.Debug|iPhone.Deploy.0 = Debug|Any CPU
		{0DF754FB-FE38-4388-AAD2-52169861C2BE}.Debug|iPhoneSimulator.ActiveCfg = Debug|Any CPU
		{0DF754FB-FE38-4388-AAD2-52169861C2BE}.Debug|iPhoneSimulator.Build.0 = Debug|Any CPU
		{0DF754FB-FE38-4388-AAD2-52169861C2BE}.Debug|iPhoneSimulator.Deploy.0 = Debug|Any CPU
		{0DF754FB-FE38-4388-AAD2-52169861C2BE}.Debug|x64.ActiveCfg = Debug|Any CPU
		{0DF754FB-FE38-4388-AAD2-52169861C2BE}.Debug|x64.Build.0 = Debug|Any CPU
		{0DF754FB-FE38-4388-AAD2-52169861C2BE}.Debug|x64.Deploy.0 = Debug|Any CPU
		{0DF754FB-FE38-4388-AAD2-52169861C2BE}.Debug|x86.ActiveCfg = Debug|Any CPU
		{0DF754FB-FE38-4388-AAD2-52169861C2BE}.Debug|x86.Build.0 = Debug|Any CPU
		{0DF754FB-FE38-4388-AAD2-52169861C2BE}.Debug|x86.Deploy.0 = Debug|Any CPU
		{0DF754FB-FE38-4388-AAD2-52169861C2BE}.Release|Any CPU.ActiveCfg = Release|Any CPU
		{0DF754FB-FE38-4388-AAD2-52169861C2BE}.Release|Any CPU.Build.0 = Release|Any CPU
		{0DF754FB-FE38-4388-AAD2-52169861C2BE}.Release|Any CPU.Deploy.0 = Release|Any CPU
		{0DF754FB-FE38-4388-AAD2-52169861C2BE}.Release|ARM.ActiveCfg = Release|Any CPU
		{0DF754FB-FE38-4388-AAD2-52169861C2BE}.Release|ARM.Build.0 = Release|Any CPU
		{0DF754FB-FE38-4388-AAD2-52169861C2BE}.Release|ARM.Deploy.0 = Release|Any CPU
		{0DF754FB-FE38-4388-AAD2-52169861C2BE}.Release|iPhone.ActiveCfg = Release|Any CPU
		{0DF754FB-FE38-4388-AAD2-52169861C2BE}.Release|iPhone.Build.0 = Release|Any CPU
		{0DF754FB-FE38-4388-AAD2-52169861C2BE}.Release|iPhone.Deploy.0 = Release|Any CPU
		{0DF754FB-FE38-4388-AAD2-52169861C2BE}.Release|iPhoneSimulator.ActiveCfg = Release|Any CPU
		{0DF754FB-FE38-4388-AAD2-52169861C2BE}.Release|iPhoneSimulator.Build.0 = Release|Any CPU
		{0DF754FB-FE38-4388-AAD2-52169861C2BE}.Release|iPhoneSimulator.Deploy.0 = Release|Any CPU
		{0DF754FB-FE38-4388-AAD2-52169861C2BE}.Release|x64.ActiveCfg = Release|Any CPU
		{0DF754FB-FE38-4388-AAD2-52169861C2BE}.Release|x64.Build.0 = Release|Any CPU
		{0DF754FB-FE38-4388-AAD2-52169861C2BE}.Release|x64.Deploy.0 = Release|Any CPU
		{0DF754FB-FE38-4388-AAD2-52169861C2BE}.Release|x86.ActiveCfg = Release|Any CPU
		{0DF754FB-FE38-4388-AAD2-52169861C2BE}.Release|x86.Build.0 = Release|Any CPU
		{0DF754FB-FE38-4388-AAD2-52169861C2BE}.Release|x86.Deploy.0 = Release|Any CPU
		{9564383B-AE88-4DDC-B394-E69D80522353}.Ad-Hoc|Any CPU.ActiveCfg = Ad-Hoc|iPhone
		{9564383B-AE88-4DDC-B394-E69D80522353}.Ad-Hoc|ARM.ActiveCfg = Ad-Hoc|iPhone
		{9564383B-AE88-4DDC-B394-E69D80522353}.Ad-Hoc|iPhone.ActiveCfg = Ad-Hoc|iPhone
		{9564383B-AE88-4DDC-B394-E69D80522353}.Ad-Hoc|iPhone.Build.0 = Ad-Hoc|iPhone
		{9564383B-AE88-4DDC-B394-E69D80522353}.Ad-Hoc|iPhoneSimulator.ActiveCfg = Ad-Hoc|iPhoneSimulator
		{9564383B-AE88-4DDC-B394-E69D80522353}.Ad-Hoc|iPhoneSimulator.Build.0 = Ad-Hoc|iPhoneSimulator
		{9564383B-AE88-4DDC-B394-E69D80522353}.Ad-Hoc|x64.ActiveCfg = Ad-Hoc|iPhone
		{9564383B-AE88-4DDC-B394-E69D80522353}.Ad-Hoc|x86.ActiveCfg = Ad-Hoc|iPhone
		{9564383B-AE88-4DDC-B394-E69D80522353}.AppStore|Any CPU.ActiveCfg = AppStore|iPhone
		{9564383B-AE88-4DDC-B394-E69D80522353}.AppStore|ARM.ActiveCfg = AppStore|iPhone
		{9564383B-AE88-4DDC-B394-E69D80522353}.AppStore|iPhone.ActiveCfg = AppStore|iPhone
		{9564383B-AE88-4DDC-B394-E69D80522353}.AppStore|iPhone.Build.0 = AppStore|iPhone
		{9564383B-AE88-4DDC-B394-E69D80522353}.AppStore|iPhoneSimulator.ActiveCfg = AppStore|iPhoneSimulator
		{9564383B-AE88-4DDC-B394-E69D80522353}.AppStore|iPhoneSimulator.Build.0 = AppStore|iPhoneSimulator
		{9564383B-AE88-4DDC-B394-E69D80522353}.AppStore|x64.ActiveCfg = AppStore|iPhone
		{9564383B-AE88-4DDC-B394-E69D80522353}.AppStore|x86.ActiveCfg = AppStore|iPhone
		{9564383B-AE88-4DDC-B394-E69D80522353}.Debug|Any CPU.ActiveCfg = Debug|iPhone
		{9564383B-AE88-4DDC-B394-E69D80522353}.Debug|ARM.ActiveCfg = Debug|iPhone
		{9564383B-AE88-4DDC-B394-E69D80522353}.Debug|iPhone.ActiveCfg = Debug|iPhone
		{9564383B-AE88-4DDC-B394-E69D80522353}.Debug|iPhone.Build.0 = Debug|iPhone
		{9564383B-AE88-4DDC-B394-E69D80522353}.Debug|iPhoneSimulator.ActiveCfg = Debug|iPhoneSimulator
		{9564383B-AE88-4DDC-B394-E69D80522353}.Debug|iPhoneSimulator.Build.0 = Debug|iPhoneSimulator
		{9564383B-AE88-4DDC-B394-E69D80522353}.Debug|x64.ActiveCfg = Debug|iPhone
		{9564383B-AE88-4DDC-B394-E69D80522353}.Debug|x86.ActiveCfg = Debug|iPhone
		{9564383B-AE88-4DDC-B394-E69D80522353}.Release|Any CPU.ActiveCfg = Release|iPhone
		{9564383B-AE88-4DDC-B394-E69D80522353}.Release|ARM.ActiveCfg = Release|iPhone
		{9564383B-AE88-4DDC-B394-E69D80522353}.Release|iPhone.ActiveCfg = Release|iPhone
		{9564383B-AE88-4DDC-B394-E69D80522353}.Release|iPhone.Build.0 = Release|iPhone
		{9564383B-AE88-4DDC-B394-E69D80522353}.Release|iPhoneSimulator.ActiveCfg = Release|iPhoneSimulator
		{9564383B-AE88-4DDC-B394-E69D80522353}.Release|iPhoneSimulator.Build.0 = Release|iPhoneSimulator
		{9564383B-AE88-4DDC-B394-E69D80522353}.Release|x64.ActiveCfg = Release|iPhone
		{9564383B-AE88-4DDC-B394-E69D80522353}.Release|x86.ActiveCfg = Release|iPhone
		{8BBABBE5-BAD2-4DEB-A14C-1DC301FAEEF4}.Ad-Hoc|Any CPU.ActiveCfg = Release|x86
		{8BBABBE5-BAD2-4DEB-A14C-1DC301FAEEF4}.Ad-Hoc|Any CPU.Build.0 = Release|x86
		{8BBABBE5-BAD2-4DEB-A14C-1DC301FAEEF4}.Ad-Hoc|Any CPU.Deploy.0 = Release|x86
		{8BBABBE5-BAD2-4DEB-A14C-1DC301FAEEF4}.Ad-Hoc|ARM.ActiveCfg = Release|ARM
		{8BBABBE5-BAD2-4DEB-A14C-1DC301FAEEF4}.Ad-Hoc|ARM.Build.0 = Release|ARM
		{8BBABBE5-BAD2-4DEB-A14C-1DC301FAEEF4}.Ad-Hoc|ARM.Deploy.0 = Release|ARM
		{8BBABBE5-BAD2-4DEB-A14C-1DC301FAEEF4}.Ad-Hoc|iPhone.ActiveCfg = Release|x86
		{8BBABBE5-BAD2-4DEB-A14C-1DC301FAEEF4}.Ad-Hoc|iPhone.Build.0 = Release|x86
		{8BBABBE5-BAD2-4DEB-A14C-1DC301FAEEF4}.Ad-Hoc|iPhone.Deploy.0 = Release|x86
		{8BBABBE5-BAD2-4DEB-A14C-1DC301FAEEF4}.Ad-Hoc|iPhoneSimulator.ActiveCfg = Release|x86
		{8BBABBE5-BAD2-4DEB-A14C-1DC301FAEEF4}.Ad-Hoc|iPhoneSimulator.Build.0 = Release|x86
		{8BBABBE5-BAD2-4DEB-A14C-1DC301FAEEF4}.Ad-Hoc|iPhoneSimulator.Deploy.0 = Release|x86
		{8BBABBE5-BAD2-4DEB-A14C-1DC301FAEEF4}.Ad-Hoc|x64.ActiveCfg = Release|x64
		{8BBABBE5-BAD2-4DEB-A14C-1DC301FAEEF4}.Ad-Hoc|x64.Build.0 = Release|x64
		{8BBABBE5-BAD2-4DEB-A14C-1DC301FAEEF4}.Ad-Hoc|x64.Deploy.0 = Release|x64
		{8BBABBE5-BAD2-4DEB-A14C-1DC301FAEEF4}.Ad-Hoc|x86.ActiveCfg = Release|x86
		{8BBABBE5-BAD2-4DEB-A14C-1DC301FAEEF4}.Ad-Hoc|x86.Build.0 = Release|x86
		{8BBABBE5-BAD2-4DEB-A14C-1DC301FAEEF4}.Ad-Hoc|x86.Deploy.0 = Release|x86
		{8BBABBE5-BAD2-4DEB-A14C-1DC301FAEEF4}.AppStore|Any CPU.ActiveCfg = Release|x86
		{8BBABBE5-BAD2-4DEB-A14C-1DC301FAEEF4}.AppStore|Any CPU.Build.0 = Release|x86
		{8BBABBE5-BAD2-4DEB-A14C-1DC301FAEEF4}.AppStore|Any CPU.Deploy.0 = Release|x86
		{8BBABBE5-BAD2-4DEB-A14C-1DC301FAEEF4}.AppStore|ARM.ActiveCfg = Release|ARM
		{8BBABBE5-BAD2-4DEB-A14C-1DC301FAEEF4}.AppStore|ARM.Build.0 = Release|ARM
		{8BBABBE5-BAD2-4DEB-A14C-1DC301FAEEF4}.AppStore|ARM.Deploy.0 = Release|ARM
		{8BBABBE5-BAD2-4DEB-A14C-1DC301FAEEF4}.AppStore|iPhone.ActiveCfg = Release|x86
		{8BBABBE5-BAD2-4DEB-A14C-1DC301FAEEF4}.AppStore|iPhone.Build.0 = Release|x86
		{8BBABBE5-BAD2-4DEB-A14C-1DC301FAEEF4}.AppStore|iPhone.Deploy.0 = Release|x86
		{8BBABBE5-BAD2-4DEB-A14C-1DC301FAEEF4}.AppStore|iPhoneSimulator.ActiveCfg = Release|x86
		{8BBABBE5-BAD2-4DEB-A14C-1DC301FAEEF4}.AppStore|iPhoneSimulator.Build.0 = Release|x86
		{8BBABBE5-BAD2-4DEB-A14C-1DC301FAEEF4}.AppStore|iPhoneSimulator.Deploy.0 = Release|x86
		{8BBABBE5-BAD2-4DEB-A14C-1DC301FAEEF4}.AppStore|x64.ActiveCfg = Release|x64
		{8BBABBE5-BAD2-4DEB-A14C-1DC301FAEEF4}.AppStore|x64.Build.0 = Release|x64
		{8BBABBE5-BAD2-4DEB-A14C-1DC301FAEEF4}.AppStore|x64.Deploy.0 = Release|x64
		{8BBABBE5-BAD2-4DEB-A14C-1DC301FAEEF4}.AppStore|x86.ActiveCfg = Release|x86
		{8BBABBE5-BAD2-4DEB-A14C-1DC301FAEEF4}.AppStore|x86.Build.0 = Release|x86
		{8BBABBE5-BAD2-4DEB-A14C-1DC301FAEEF4}.AppStore|x86.Deploy.0 = Release|x86
		{8BBABBE5-BAD2-4DEB-A14C-1DC301FAEEF4}.Debug|Any CPU.ActiveCfg = Debug|x86
		{8BBABBE5-BAD2-4DEB-A14C-1DC301FAEEF4}.Debug|ARM.ActiveCfg = Debug|ARM
		{8BBABBE5-BAD2-4DEB-A14C-1DC301FAEEF4}.Debug|ARM.Build.0 = Debug|ARM
		{8BBABBE5-BAD2-4DEB-A14C-1DC301FAEEF4}.Debug|ARM.Deploy.0 = Debug|ARM
		{8BBABBE5-BAD2-4DEB-A14C-1DC301FAEEF4}.Debug|iPhone.ActiveCfg = Debug|x86
		{8BBABBE5-BAD2-4DEB-A14C-1DC301FAEEF4}.Debug|iPhoneSimulator.ActiveCfg = Debug|x86
		{8BBABBE5-BAD2-4DEB-A14C-1DC301FAEEF4}.Debug|x64.ActiveCfg = Debug|x64
		{8BBABBE5-BAD2-4DEB-A14C-1DC301FAEEF4}.Debug|x64.Build.0 = Debug|x64
		{8BBABBE5-BAD2-4DEB-A14C-1DC301FAEEF4}.Debug|x64.Deploy.0 = Debug|x64
		{8BBABBE5-BAD2-4DEB-A14C-1DC301FAEEF4}.Debug|x86.ActiveCfg = Debug|x86
		{8BBABBE5-BAD2-4DEB-A14C-1DC301FAEEF4}.Debug|x86.Build.0 = Debug|x86
		{8BBABBE5-BAD2-4DEB-A14C-1DC301FAEEF4}.Debug|x86.Deploy.0 = Debug|x86
		{8BBABBE5-BAD2-4DEB-A14C-1DC301FAEEF4}.Release|Any CPU.ActiveCfg = Release|x86
		{8BBABBE5-BAD2-4DEB-A14C-1DC301FAEEF4}.Release|ARM.ActiveCfg = Release|ARM
		{8BBABBE5-BAD2-4DEB-A14C-1DC301FAEEF4}.Release|ARM.Build.0 = Release|ARM
		{8BBABBE5-BAD2-4DEB-A14C-1DC301FAEEF4}.Release|ARM.Deploy.0 = Release|ARM
		{8BBABBE5-BAD2-4DEB-A14C-1DC301FAEEF4}.Release|iPhone.ActiveCfg = Release|x86
		{8BBABBE5-BAD2-4DEB-A14C-1DC301FAEEF4}.Release|iPhoneSimulator.ActiveCfg = Release|x86
		{8BBABBE5-BAD2-4DEB-A14C-1DC301FAEEF4}.Release|x64.ActiveCfg = Release|x64
		{8BBABBE5-BAD2-4DEB-A14C-1DC301FAEEF4}.Release|x64.Build.0 = Release|x64
		{8BBABBE5-BAD2-4DEB-A14C-1DC301FAEEF4}.Release|x64.Deploy.0 = Release|x64
		{8BBABBE5-BAD2-4DEB-A14C-1DC301FAEEF4}.Release|x86.ActiveCfg = Release|x86
		{8BBABBE5-BAD2-4DEB-A14C-1DC301FAEEF4}.Release|x86.Build.0 = Release|x86
		{8BBABBE5-BAD2-4DEB-A14C-1DC301FAEEF4}.Release|x86.Deploy.0 = Release|x86
		{E9BC0DF3-6812-4F29-A550-1A9EFA4022E9}.Ad-Hoc|Any CPU.ActiveCfg = Debug|Any CPU
		{E9BC0DF3-6812-4F29-A550-1A9EFA4022E9}.Ad-Hoc|Any CPU.Build.0 = Debug|Any CPU
		{E9BC0DF3-6812-4F29-A550-1A9EFA4022E9}.Ad-Hoc|ARM.ActiveCfg = Debug|Any CPU
		{E9BC0DF3-6812-4F29-A550-1A9EFA4022E9}.Ad-Hoc|ARM.Build.0 = Debug|Any CPU
		{E9BC0DF3-6812-4F29-A550-1A9EFA4022E9}.Ad-Hoc|iPhone.ActiveCfg = Debug|Any CPU
		{E9BC0DF3-6812-4F29-A550-1A9EFA4022E9}.Ad-Hoc|iPhone.Build.0 = Debug|Any CPU
		{E9BC0DF3-6812-4F29-A550-1A9EFA4022E9}.Ad-Hoc|iPhoneSimulator.ActiveCfg = Debug|Any CPU
		{E9BC0DF3-6812-4F29-A550-1A9EFA4022E9}.Ad-Hoc|iPhoneSimulator.Build.0 = Debug|Any CPU
		{E9BC0DF3-6812-4F29-A550-1A9EFA4022E9}.Ad-Hoc|x64.ActiveCfg = Debug|Any CPU
		{E9BC0DF3-6812-4F29-A550-1A9EFA4022E9}.Ad-Hoc|x64.Build.0 = Debug|Any CPU
		{E9BC0DF3-6812-4F29-A550-1A9EFA4022E9}.Ad-Hoc|x86.ActiveCfg = Debug|Any CPU
		{E9BC0DF3-6812-4F29-A550-1A9EFA4022E9}.Ad-Hoc|x86.Build.0 = Debug|Any CPU
		{E9BC0DF3-6812-4F29-A550-1A9EFA4022E9}.AppStore|Any CPU.ActiveCfg = Debug|Any CPU
		{E9BC0DF3-6812-4F29-A550-1A9EFA4022E9}.AppStore|Any CPU.Build.0 = Debug|Any CPU
		{E9BC0DF3-6812-4F29-A550-1A9EFA4022E9}.AppStore|ARM.ActiveCfg = Debug|Any CPU
		{E9BC0DF3-6812-4F29-A550-1A9EFA4022E9}.AppStore|ARM.Build.0 = Debug|Any CPU
		{E9BC0DF3-6812-4F29-A550-1A9EFA4022E9}.AppStore|iPhone.ActiveCfg = Debug|Any CPU
		{E9BC0DF3-6812-4F29-A550-1A9EFA4022E9}.AppStore|iPhone.Build.0 = Debug|Any CPU
		{E9BC0DF3-6812-4F29-A550-1A9EFA4022E9}.AppStore|iPhoneSimulator.ActiveCfg = Debug|Any CPU
		{E9BC0DF3-6812-4F29-A550-1A9EFA4022E9}.AppStore|iPhoneSimulator.Build.0 = Debug|Any CPU
		{E9BC0DF3-6812-4F29-A550-1A9EFA4022E9}.AppStore|x64.ActiveCfg = Debug|Any CPU
		{E9BC0DF3-6812-4F29-A550-1A9EFA4022E9}.AppStore|x64.Build.0 = Debug|Any CPU
		{E9BC0DF3-6812-4F29-A550-1A9EFA4022E9}.AppStore|x86.ActiveCfg = Debug|Any CPU
		{E9BC0DF3-6812-4F29-A550-1A9EFA4022E9}.AppStore|x86.Build.0 = Debug|Any CPU
		{E9BC0DF3-6812-4F29-A550-1A9EFA4022E9}.Debug|Any CPU.ActiveCfg = Debug|Any CPU
		{E9BC0DF3-6812-4F29-A550-1A9EFA4022E9}.Debug|Any CPU.Build.0 = Debug|Any CPU
		{E9BC0DF3-6812-4F29-A550-1A9EFA4022E9}.Debug|ARM.ActiveCfg = Debug|Any CPU
		{E9BC0DF3-6812-4F29-A550-1A9EFA4022E9}.Debug|ARM.Build.0 = Debug|Any CPU
		{E9BC0DF3-6812-4F29-A550-1A9EFA4022E9}.Debug|iPhone.ActiveCfg = Debug|Any CPU
		{E9BC0DF3-6812-4F29-A550-1A9EFA4022E9}.Debug|iPhone.Build.0 = Debug|Any CPU
		{E9BC0DF3-6812-4F29-A550-1A9EFA4022E9}.Debug|iPhoneSimulator.ActiveCfg = Debug|Any CPU
		{E9BC0DF3-6812-4F29-A550-1A9EFA4022E9}.Debug|iPhoneSimulator.Build.0 = Debug|Any CPU
		{E9BC0DF3-6812-4F29-A550-1A9EFA4022E9}.Debug|x64.ActiveCfg = Debug|Any CPU
		{E9BC0DF3-6812-4F29-A550-1A9EFA4022E9}.Debug|x64.Build.0 = Debug|Any CPU
		{E9BC0DF3-6812-4F29-A550-1A9EFA4022E9}.Debug|x86.ActiveCfg = Debug|Any CPU
		{E9BC0DF3-6812-4F29-A550-1A9EFA4022E9}.Debug|x86.Build.0 = Debug|Any CPU
		{E9BC0DF3-6812-4F29-A550-1A9EFA4022E9}.Release|Any CPU.ActiveCfg = Release|Any CPU
		{E9BC0DF3-6812-4F29-A550-1A9EFA4022E9}.Release|Any CPU.Build.0 = Release|Any CPU
		{E9BC0DF3-6812-4F29-A550-1A9EFA4022E9}.Release|ARM.ActiveCfg = Release|Any CPU
		{E9BC0DF3-6812-4F29-A550-1A9EFA4022E9}.Release|ARM.Build.0 = Release|Any CPU
		{E9BC0DF3-6812-4F29-A550-1A9EFA4022E9}.Release|iPhone.ActiveCfg = Release|Any CPU
		{E9BC0DF3-6812-4F29-A550-1A9EFA4022E9}.Release|iPhone.Build.0 = Release|Any CPU
		{E9BC0DF3-6812-4F29-A550-1A9EFA4022E9}.Release|iPhoneSimulator.ActiveCfg = Release|Any CPU
		{E9BC0DF3-6812-4F29-A550-1A9EFA4022E9}.Release|iPhoneSimulator.Build.0 = Release|Any CPU
		{E9BC0DF3-6812-4F29-A550-1A9EFA4022E9}.Release|x64.ActiveCfg = Release|Any CPU
		{E9BC0DF3-6812-4F29-A550-1A9EFA4022E9}.Release|x64.Build.0 = Release|Any CPU
		{E9BC0DF3-6812-4F29-A550-1A9EFA4022E9}.Release|x86.ActiveCfg = Release|Any CPU
		{E9BC0DF3-6812-4F29-A550-1A9EFA4022E9}.Release|x86.Build.0 = Release|Any CPU
	EndGlobalSection
	GlobalSection(SolutionProperties) = preSolution
		HideSolutionNode = FALSE
	EndGlobalSection
	GlobalSection(ExtensibilityGlobals) = postSolution
		SolutionGuid = {B72B4D72-6C23-4645-9E9A-D684DE9CA023}
	EndGlobalSection
EndGlobal
